
Microsoft Visual Studio Solution File, Format Version 12.00
Project("{FAE04EC0-301F-11D3-BF4B-00C04F79EFBC}") = "MazikeenATM", "MazikeenATM\MazikeenATM.csproj", "{F8328EA9-0D62-47DD-941F-905E701AF808}"
EndProject
Project("{FAE04EC0-301F-11D3-BF4B-00C04F79EFBC}") = "MazikeenDbLayer", "MazikeenDbLayer\MazikeenDbLayer.csproj", "{7989F7A5-B9BB-4CAD-8626-0225B2CC346D}"
EndProject
Global
	GlobalSection(SolutionConfigurationPlatforms) = preSolution
		Debug|Any CPU = Debug|Any CPU
		Release|Any CPU = Release|Any CPU
	EndGlobalSection
	GlobalSection(ProjectConfigurationPlatforms) = postSolution
		{F8328EA9-0D62-47DD-941F-905E701AF808}.Debug|Any CPU.ActiveCfg = Debug|Any CPU
		{F8328EA9-0D62-47DD-941F-905E701AF808}.Debug|Any CPU.Build.0 = Debug|Any CPU
		{F8328EA9-0D62-47DD-941F-905E701AF808}.Release|Any CPU.ActiveCfg = Release|Any CPU
		{F8328EA9-0D62-47DD-941F-905E701AF808}.Release|Any CPU.Build.0 = Release|Any CPU
		{7989F7A5-B9BB-4CAD-8626-0225B2CC346D}.Debug|Any CPU.ActiveCfg = Debug|Any CPU
		{7989F7A5-B9BB-4CAD-8626-0225B2CC346D}.Debug|Any CPU.Build.0 = Debug|Any CPU
		{7989F7A5-B9BB-4CAD-8626-0225B2CC346D}.Release|Any CPU.ActiveCfg = Release|Any CPU
		{7989F7A5-B9BB-4CAD-8626-0225B2CC346D}.Release|Any CPU.Build.0 = Release|Any CPU
	EndGlobalSection
EndGlobal
